
Microsoft Visual Studio Solution File, Format Version 12.00
Project("{FAE04EC0-301F-11D3-BF4B-00C04F79EFBC}") = "WebApp", "WebApp\WebApp.csproj", "{31649191-037D-49A6-B8E6-C29BFBAA0060}"
EndProject
Project("{FAE04EC0-301F-11D3-BF4B-00C04F79EFBC}") = "DAL", "DAL\DAL.csproj", "{C7398ECD-0FC1-4DBD-9BF6-B570AA8E9DED}"
EndProject
Project("{FAE04EC0-301F-11D3-BF4B-00C04F79EFBC}") = "BAL", "BAL\BAL.csproj", "{20D8E91F-37C3-4A9D-BC18-5EAA7EE5BA2C}"
EndProject
Global
	GlobalSection(SolutionConfigurationPlatforms) = preSolution
		Debug|Any CPU = Debug|Any CPU
		Release|Any CPU = Release|Any CPU
	EndGlobalSection
	GlobalSection(ProjectConfigurationPlatforms) = postSolution
		{31649191-037D-49A6-B8E6-C29BFBAA0060}.Debug|Any CPU.ActiveCfg = Debug|Any CPU
		{31649191-037D-49A6-B8E6-C29BFBAA0060}.Debug|Any CPU.Build.0 = Debug|Any CPU
		{31649191-037D-49A6-B8E6-C29BFBAA0060}.Release|Any CPU.ActiveCfg = Release|Any CPU
		{31649191-037D-49A6-B8E6-C29BFBAA0060}.Release|Any CPU.Build.0 = Release|Any CPU
		{C7398ECD-0FC1-4DBD-9BF6-B570AA8E9DED}.Debug|Any CPU.ActiveCfg = Debug|Any CPU
		{C7398ECD-0FC1-4DBD-9BF6-B570AA8E9DED}.Debug|Any CPU.Build.0 = Debug|Any CPU
		{C7398ECD-0FC1-4DBD-9BF6-B570AA8E9DED}.Release|Any CPU.ActiveCfg = Release|Any CPU
		{C7398ECD-0FC1-4DBD-9BF6-B570AA8E9DED}.Release|Any CPU.Build.0 = Release|Any CPU
		{20D8E91F-37C3-4A9D-BC18-5EAA7EE5BA2C}.Debug|Any CPU.ActiveCfg = Debug|Any CPU
		{20D8E91F-37C3-4A9D-BC18-5EAA7EE5BA2C}.Debug|Any CPU.Build.0 = Debug|Any CPU
		{20D8E91F-37C3-4A9D-BC18-5EAA7EE5BA2C}.Release|Any CPU.ActiveCfg = Release|Any CPU
		{20D8E91F-37C3-4A9D-BC18-5EAA7EE5BA2C}.Release|Any CPU.Build.0 = Release|Any CPU
	EndGlobalSection
EndGlobal
